# This file is automatically @generated by Cargo.
# It is not intended for manual editing.
version = 3

[[package]]
name = "ahash"
version = "0.3.8"
source = "registry+https://github.com/rust-lang/crates.io-index"
checksum = "e8fd72866655d1904d6b0997d0b07ba561047d070fbe29de039031c641b61217"

[[package]]
name = "ahash"
version = "0.8.11"
source = "registry+https://github.com/rust-lang/crates.io-index"
checksum = "e89da841a80418a9b391ebaea17f5c112ffaaa96f621d2c285b5174da76b9011"
dependencies = [
 "cfg-if 1.0.0",
 "once_cell",
 "version_check",
 "zerocopy",
]

[[package]]
name = "aho-corasick"
version = "1.1.3"
source = "registry+https://github.com/rust-lang/crates.io-index"
checksum = "8e60d3430d3a69478ad0993f19238d2df97c507009a52b3c10addcd7f6bcb916"
dependencies = [
 "memchr",
]

[[package]]
name = "allocator-api2"
version = "0.2.18"
source = "registry+https://github.com/rust-lang/crates.io-index"
checksum = "5c6cb57a04249c6480766f7f7cef5467412af1490f8d1e243141daddada3264f"

[[package]]
name = "approx"
version = "0.5.1"
source = "registry+https://github.com/rust-lang/crates.io-index"
checksum = "cab112f0a86d568ea0e627cc1d6be74a1e9cd55214684db5561995f6dad897c6"
dependencies = [
 "num-traits",
]

[[package]]
name = "arrayvec"
version = "0.5.2"
source = "registry+https://github.com/rust-lang/crates.io-index"
checksum = "23b62fc65de8e4e7f52534fb52b0f3ed04746ae267519eef2a83941e8085068b"

[[package]]
name = "arrayvec"
version = "0.7.6"
source = "registry+https://github.com/rust-lang/crates.io-index"
checksum = "7c02d123df017efcdfbd739ef81735b36c5ba83ec3c59c80a9d7ecc718f92e50"
dependencies = [
 "serde",
]

[[package]]
name = "autocfg"
version = "1.4.0"
source = "registry+https://github.com/rust-lang/crates.io-index"
checksum = "ace50bade8e6234aa140d9a2f552bbee1db4d353f69b8217bc503490fc1a9f26"

[[package]]
name = "bindgen"
version = "0.69.5"
source = "registry+https://github.com/rust-lang/crates.io-index"
checksum = "271383c67ccabffb7381723dea0672a673f292304fcb45c01cc648c7a8d58088"
dependencies = [
 "bitflags 2.6.0",
 "cexpr",
 "clang-sys",
 "itertools",
 "lazy_static",
 "lazycell",
 "log",
 "prettyplease",
 "proc-macro2",
 "quote",
 "regex",
 "rustc-hash 1.1.0",
 "shlex",
 "syn 2.0.85",
 "which 4.4.2",
]

[[package]]
name = "bit-vec"
version = "0.7.0"
source = "registry+https://github.com/rust-lang/crates.io-index"
checksum = "d2c54ff287cfc0a34f38a6b832ea1bd8e448a330b3e40a50859e6488bee07f22"
dependencies = [
 "serde",
]

[[package]]
name = "bitflags"
version = "1.3.2"
source = "registry+https://github.com/rust-lang/crates.io-index"
checksum = "bef38d45163c2f1dde094a7dfd33ccf595c92905c8f8f4fdc18d06fb1037718a"

[[package]]
name = "bitflags"
version = "2.6.0"
source = "registry+https://github.com/rust-lang/crates.io-index"
checksum = "b048fb63fd8b5923fc5aa7b340d8e156aec7ec02f0c78fa8a6ddc2613f6f71de"
dependencies = [
 "serde",
]

[[package]]
name = "block"
version = "0.1.6"
source = "registry+https://github.com/rust-lang/crates.io-index"
checksum = "0d8c1fef690941d3e7788d328517591fecc684c084084702d6ff1641e993699a"

[[package]]
name = "bstr"
version = "1.10.0"
source = "registry+https://github.com/rust-lang/crates.io-index"
checksum = "40723b8fb387abc38f4f4a37c09073622e41dd12327033091ef8950659e6dc0c"
dependencies = [
 "memchr",
 "serde",
]

[[package]]
name = "bytemuck"
version = "1.19.0"
source = "registry+https://github.com/rust-lang/crates.io-index"
checksum = "8334215b81e418a0a7bdb8ef0849474f40bb10c8b71f1c4ed315cff49f32494d"

[[package]]
name = "byteorder"
version = "1.5.0"
source = "registry+https://github.com/rust-lang/crates.io-index"
checksum = "1fd0f2584146f6f2ef48085050886acf353beff7305ebd1ae69500e27c67f64b"

[[package]]
name = "cc"
version = "1.1.31"
source = "registry+https://github.com/rust-lang/crates.io-index"
checksum = "c2e7962b54006dcfcc61cb72735f4d89bb97061dd6a7ed882ec6b8ee53714c6f"
dependencies = [
 "shlex",
]

[[package]]
name = "cexpr"
version = "0.6.0"
source = "registry+https://github.com/rust-lang/crates.io-index"
checksum = "6fac387a98bb7c37292057cffc56d62ecb629900026402633ae9160df93a8766"
dependencies = [
 "nom",
]

[[package]]
name = "cfg-if"
version = "0.1.10"
source = "registry+https://github.com/rust-lang/crates.io-index"
checksum = "4785bdd1c96b2a846b2bd7cc02e86b6b3dbf14e7e53446c4f54c92a361040822"

[[package]]
name = "cfg-if"
version = "1.0.0"
source = "registry+https://github.com/rust-lang/crates.io-index"
checksum = "baf1de4339761588bc0619e3cbc0120ee582ebb74b53b4efbf79117bd2da40fd"

[[package]]
name = "chlorine"
version = "1.0.12"
source = "registry+https://github.com/rust-lang/crates.io-index"
checksum = "1e10e7569f6ca78ef7664d7d651115172d4875c4410c050306bccde856a99a49"

[[package]]
name = "clang-sys"
version = "1.8.1"
source = "registry+https://github.com/rust-lang/crates.io-index"
checksum = "0b023947811758c97c59bf9d1c188fd619ad4718dcaa767947df1cadb14f39f4"
dependencies = [
 "glob",
 "libc",
 "libloading",
]

[[package]]
name = "clipboard-win"
version = "3.1.1"
source = "registry+https://github.com/rust-lang/crates.io-index"
checksum = "9fdf5e01086b6be750428ba4a40619f847eb2e95756eee84b18e06e5f0b50342"
dependencies = [
 "lazy-bytes-cast",
 "winapi",
]

[[package]]
name = "cmake"
version = "0.1.51"
source = "registry+https://github.com/rust-lang/crates.io-index"
checksum = "fb1e43aa7fd152b1f968787f7dbcdeb306d1867ff373c69955211876c053f91a"
dependencies = [
 "cc",
]

[[package]]
name = "copypasta"
version = "0.8.2"
source = "registry+https://github.com/rust-lang/crates.io-index"
checksum = "133fc8675ee3a4ec9aa513584deda9aa0faeda3586b87f7f0f2ba082c66fb172"
dependencies = [
 "clipboard-win",
 "objc",
 "objc-foundation",
 "objc_id",
 "smithay-clipboard",
 "x11-clipboard",
]

[[package]]
name = "crossbeam"
version = "0.8.4"
source = "registry+https://github.com/rust-lang/crates.io-index"
checksum = "1137cd7e7fc0fb5d3c5a8678be38ec56e819125d8d7907411fe24ccb943faca8"
dependencies = [
 "crossbeam-channel",
 "crossbeam-deque",
 "crossbeam-epoch",
 "crossbeam-queue 0.3.11",
 "crossbeam-utils 0.8.20",
]

[[package]]
name = "crossbeam-channel"
version = "0.5.13"
source = "registry+https://github.com/rust-lang/crates.io-index"
checksum = "33480d6946193aa8033910124896ca395333cae7e2d1113d1fef6c3272217df2"
dependencies = [
 "crossbeam-utils 0.8.20",
]

[[package]]
name = "crossbeam-deque"
version = "0.8.5"
source = "registry+https://github.com/rust-lang/crates.io-index"
checksum = "613f8cc01fe9cf1a3eb3d7f488fd2fa8388403e97039e2f73692932e291a770d"
dependencies = [
 "crossbeam-epoch",
 "crossbeam-utils 0.8.20",
]

[[package]]
name = "crossbeam-epoch"
version = "0.9.18"
source = "registry+https://github.com/rust-lang/crates.io-index"
checksum = "5b82ac4a3c2ca9c3460964f020e1402edd5753411d7737aa39c3714ad1b5420e"
dependencies = [
 "crossbeam-utils 0.8.20",
]

[[package]]
name = "crossbeam-queue"
version = "0.2.3"
source = "registry+https://github.com/rust-lang/crates.io-index"
checksum = "774ba60a54c213d409d5353bda12d49cd68d14e45036a285234c8d6f91f92570"
dependencies = [
 "cfg-if 0.1.10",
 "crossbeam-utils 0.7.2",
 "maybe-uninit",
]

[[package]]
name = "crossbeam-queue"
version = "0.3.11"
source = "registry+https://github.com/rust-lang/crates.io-index"
checksum = "df0346b5d5e76ac2fe4e327c5fd1118d6be7c51dfb18f9b7922923f287471e35"
dependencies = [
 "crossbeam-utils 0.8.20",
]

[[package]]
name = "crossbeam-utils"
version = "0.7.2"
source = "registry+https://github.com/rust-lang/crates.io-index"
checksum = "c3c7c73a2d1e9fc0886a08b93e98eb643461230d5f1925e4036204d5f2e261a8"
dependencies = [
 "autocfg",
 "cfg-if 0.1.10",
 "lazy_static",
]

[[package]]
name = "crossbeam-utils"
version = "0.8.20"
source = "registry+https://github.com/rust-lang/crates.io-index"
checksum = "22ec99545bb0ed0ea7bb9b8e1e9122ea386ff8a48c0922e43f36d45ab09e0e80"

[[package]]
name = "dlib"
version = "0.5.2"
source = "registry+https://github.com/rust-lang/crates.io-index"
checksum = "330c60081dcc4c72131f8eb70510f1ac07223e5d4163db481a04a0befcffa412"
dependencies = [
 "libloading",
]

[[package]]
name = "downcast-rs"
version = "1.2.1"
source = "registry+https://github.com/rust-lang/crates.io-index"
checksum = "75b325c5dbd37f80359721ad39aca5a29fb04c89279657cffdda8736d0c0b9d2"

[[package]]
name = "either"
version = "1.13.0"
source = "registry+https://github.com/rust-lang/crates.io-index"
checksum = "60b1af1c220855b6ceac025d3f6ecdd2b7c4894bfe9cd9bda4fbb4bc7c0d4cf0"

[[package]]
name = "erased-serde"
version = "0.4.5"
source = "registry+https://github.com/rust-lang/crates.io-index"
checksum = "24e2389d65ab4fab27dc2a5de7b191e1f6617d1f1c8855c0dc569c94a4cbb18d"
dependencies = [
 "serde",
 "typeid",
]

[[package]]
name = "errno"
version = "0.3.9"
source = "registry+https://github.com/rust-lang/crates.io-index"
checksum = "534c5cf6194dfab3db3242765c03bbe257cf92f22b38f6bc0c58d59108a820ba"
dependencies = [
 "libc",
 "windows-sys 0.52.0",
]

[[package]]
name = "filetime"
version = "0.2.25"
source = "registry+https://github.com/rust-lang/crates.io-index"
checksum = "35c0522e981e68cbfa8c3f978441a5f34b30b96e146b33cd3359176b50fe8586"
dependencies = [
 "cfg-if 1.0.0",
 "libc",
 "libredox",
 "windows-sys 0.59.0",
]

[[package]]
name = "fs_extra"
version = "1.3.0"
source = "registry+https://github.com/rust-lang/crates.io-index"
checksum = "42703706b716c37f96a77aea830392ad231f44c9e9a67872fa5548707e11b11c"

[[package]]
name = "fsevent-sys"
version = "4.1.0"
source = "registry+https://github.com/rust-lang/crates.io-index"
checksum = "76ee7a02da4d231650c7cea31349b889be2f45ddb3ef3032d2ec8185f6313fd2"
dependencies = [
 "libc",
]

[[package]]
name = "gethostname"
version = "0.2.3"
source = "registry+https://github.com/rust-lang/crates.io-index"
checksum = "c1ebd34e35c46e00bb73e81363248d627782724609fe1b6396f553f68fe3862e"
dependencies = [
 "libc",
 "winapi",
]

[[package]]
name = "glob"
version = "0.3.1"
source = "registry+https://github.com/rust-lang/crates.io-index"
checksum = "d2fabcfbdc87f4758337ca535fb41a6d701b65693ce38287d856d1674551ec9b"

[[package]]
name = "hash32"
version = "0.3.1"
source = "registry+https://github.com/rust-lang/crates.io-index"
checksum = "47d60b12902ba28e2730cd37e95b8c9223af2808df9e902d4df49588d1470606"
dependencies = [
 "byteorder",
]

[[package]]
name = "hashbrown"
version = "0.7.2"
source = "registry+https://github.com/rust-lang/crates.io-index"
checksum = "96282e96bfcd3da0d3aa9938bedf1e50df3269b6db08b4876d2da0bb1a0841cf"
dependencies = [
 "ahash 0.3.8",
 "autocfg",
]

[[package]]
name = "hashbrown"
version = "0.14.5"
source = "registry+https://github.com/rust-lang/crates.io-index"
checksum = "e5274423e17b7c9fc20b6e7e208532f9b19825d82dfd615708b70edd83df41f1"
dependencies = [
 "ahash 0.8.11",
 "allocator-api2",
]

[[package]]
name = "heapless"
version = "0.8.0"
source = "registry+https://github.com/rust-lang/crates.io-index"
checksum = "0bfb9eb618601c89945a70e254898da93b13be0388091d42117462b265bb3fad"
dependencies = [
 "hash32",
 "stable_deref_trait",
]

[[package]]
name = "hibitset"
version = "0.6.4"
source = "registry+https://github.com/rust-lang/crates.io-index"
checksum = "f3ede5cfa60c958e60330d65163adbc4211e15a2653ad80eb0cce878de120121"

[[package]]
name = "home"
version = "0.5.9"
source = "registry+https://github.com/rust-lang/crates.io-index"
checksum = "e3d1354bf6b7235cb4a0576c2619fd4ed18183f689b12b006a0ee7329eeff9a5"
dependencies = [
 "windows-sys 0.52.0",
]

[[package]]
name = "imgui"
version = "0.12.0"
source = "registry+https://github.com/rust-lang/crates.io-index"
checksum = "8addafa5cecf0515812226e806913814e02ce38d10215778082af5174abe5669"
dependencies = [
 "bitflags 1.3.2",
 "cfg-if 1.0.0",
 "imgui-sys",
 "mint",
 "parking_lot",
]

[[package]]
name = "imgui-sys"
version = "0.12.0"
source = "registry+https://github.com/rust-lang/crates.io-index"
checksum = "ead193f9f4b60398e8b8f4ab1483e2321640d87aeebdaa3e5f44c55633ccd804"
dependencies = [
 "cc",
 "cfg-if 1.0.0",
 "chlorine",
 "mint",
]

[[package]]
name = "inotify"
version = "0.9.6"
source = "registry+https://github.com/rust-lang/crates.io-index"
checksum = "f8069d3ec154eb856955c1c0fbffefbf5f3c40a104ec912d4797314c1801abff"
dependencies = [
 "bitflags 1.3.2",
 "inotify-sys",
 "libc",
]

[[package]]
name = "inotify-sys"
version = "0.1.5"
source = "registry+https://github.com/rust-lang/crates.io-index"
checksum = "e05c02b5e89bff3b946cedeca278abc628fe811e604f027c45a8aa3cf793d0eb"
dependencies = [
 "libc",
]

[[package]]
name = "itertools"
version = "0.12.1"
source = "registry+https://github.com/rust-lang/crates.io-index"
checksum = "ba291022dbbd398a455acf126c1e341954079855bc60dfdda641363bd6922569"
dependencies = [
 "either",
]

[[package]]
name = "itoa"
version = "1.0.11"
source = "registry+https://github.com/rust-lang/crates.io-index"
checksum = "49f1f14873335454500d59611f1cf4a4b0f786f9ac11f4312a78e4cf2566695b"

[[package]]
name = "kqueue"
version = "1.0.8"
source = "registry+https://github.com/rust-lang/crates.io-index"
checksum = "7447f1ca1b7b563588a205fe93dea8df60fd981423a768bc1c0ded35ed147d0c"
dependencies = [
 "kqueue-sys",
 "libc",
]

[[package]]
name = "kqueue-sys"
version = "1.0.4"
source = "registry+https://github.com/rust-lang/crates.io-index"
checksum = "ed9625ffda8729b85e45cf04090035ac368927b8cebc34898e7c120f52e4838b"
dependencies = [
 "bitflags 1.3.2",
 "libc",
]

[[package]]
name = "lazy-bytes-cast"
version = "5.0.1"
source = "registry+https://github.com/rust-lang/crates.io-index"
checksum = "10257499f089cd156ad82d0a9cd57d9501fa2c989068992a97eb3c27836f206b"

[[package]]
name = "lazy_static"
version = "1.5.0"
source = "registry+https://github.com/rust-lang/crates.io-index"
checksum = "bbd2bcb4c963f2ddae06a2efc7e9f3591312473c50c6685e1f298068316e66fe"

[[package]]
name = "lazycell"
version = "1.3.0"
source = "registry+https://github.com/rust-lang/crates.io-index"
checksum = "830d08ce1d1d941e6b30645f1a0eb5643013d835ce3779a5fc208261dbe10f55"

[[package]]
name = "libc"
version = "0.2.161"
source = "registry+https://github.com/rust-lang/crates.io-index"
checksum = "8e9489c2807c139ffd9c1794f4af0ebe86a828db53ecdc7fea2111d0fed085d1"

[[package]]
name = "libloading"
version = "0.8.5"
source = "registry+https://github.com/rust-lang/crates.io-index"
checksum = "4979f22fdb869068da03c9f7528f8297c6fd2606bc3a4affe42e6a823fdb8da4"
dependencies = [
 "cfg-if 1.0.0",
 "windows-targets 0.52.6",
]

[[package]]
name = "libm"
version = "0.2.11"
source = "registry+https://github.com/rust-lang/crates.io-index"
checksum = "8355be11b20d696c8f18f6cc018c4e372165b1fa8126cef092399c9951984ffa"

[[package]]
name = "libredox"
version = "0.1.3"
source = "registry+https://github.com/rust-lang/crates.io-index"
checksum = "c0ff37bd590ca25063e35af745c343cb7a0271906fb7b37e4813e8f79f00268d"
dependencies = [
 "bitflags 2.6.0",
 "libc",
 "redox_syscall",
]

[[package]]
name = "linux-raw-sys"
version = "0.4.14"
source = "registry+https://github.com/rust-lang/crates.io-index"
checksum = "78b3ae25bc7c8c38cec158d1f2757ee79e9b3740fbc7ccf0e59e4b08d793fa89"

[[package]]
name = "lock_api"
version = "0.4.12"
source = "registry+https://github.com/rust-lang/crates.io-index"
checksum = "07af8b9cdd281b7915f413fa73f29ebd5d55d0d3f0155584dade1ff18cea1b17"
dependencies = [
 "autocfg",
 "scopeguard",
]

[[package]]
name = "log"
version = "0.4.22"
source = "registry+https://github.com/rust-lang/crates.io-index"
checksum = "a7a70ba024b9dc04c27ea2f0c0548feb474ec5c54bba33a7f72f873a39d07b24"

[[package]]
name = "lua-src"
version = "547.0.0"
source = "registry+https://github.com/rust-lang/crates.io-index"
checksum = "1edaf29e3517b49b8b746701e5648ccb5785cde1c119062cbabbc5d5cd115e42"
dependencies = [
 "cc",
]

[[package]]
name = "luajit-src"
version = "210.5.11+97813fb"
source = "registry+https://github.com/rust-lang/crates.io-index"
checksum = "3015551c284515db7c30c559fc1080f9cb9ee990d1f6fca315451a107c7540bb"
dependencies = [
 "cc",
 "which 6.0.3",
]

[[package]]
name = "luau0-src"
version = "0.11.1+luau650"
source = "registry+https://github.com/rust-lang/crates.io-index"
checksum = "6940dda003977234fe07c0480a8a05eecea5bed3030567c383336ea432c74d0a"
dependencies = [
 "cc",
]

[[package]]
name = "malloc_buf"
version = "0.0.6"
source = "registry+https://github.com/rust-lang/crates.io-index"
checksum = "62bb907fe88d54d8d9ce32a3cceab4218ed2f6b7d35617cafe9adf84e43919cb"
dependencies = [
 "libc",
]

[[package]]
name = "matrixmultiply"
version = "0.3.9"
source = "registry+https://github.com/rust-lang/crates.io-index"
checksum = "9380b911e3e96d10c1f415da0876389aaf1b56759054eeb0de7df940c456ba1a"
dependencies = [
 "autocfg",
 "rawpointer",
]

[[package]]
name = "maybe-uninit"
version = "2.0.0"
source = "registry+https://github.com/rust-lang/crates.io-index"
checksum = "60302e4db3a61da70c0cb7991976248362f30319e88850c487b9b95bbf059e00"

[[package]]
name = "memchr"
version = "2.7.4"
source = "registry+https://github.com/rust-lang/crates.io-index"
checksum = "78ca9ab1a0babb1e7d5695e3530886289c18cf2f87ec19a575a0abdce112e3a3"

[[package]]
name = "memmap2"
version = "0.5.10"
source = "registry+https://github.com/rust-lang/crates.io-index"
checksum = "83faa42c0a078c393f6b29d5db232d8be22776a891f8f56e5284faee4a20b327"
dependencies = [
 "libc",
]

[[package]]
name = "memoffset"
version = "0.6.5"
source = "registry+https://github.com/rust-lang/crates.io-index"
checksum = "5aa361d4faea93603064a027415f07bd8e1d5c88c9fbf68bf56a285428fd79ce"
dependencies = [
 "autocfg",
]

[[package]]
name = "minimal-lexical"
version = "0.2.1"
source = "registry+https://github.com/rust-lang/crates.io-index"
checksum = "68354c5c6bd36d73ff3feceb05efa59b6acb7626617f4962be322a825e61f79a"

[[package]]
name = "mint"
version = "0.5.9"
source = "registry+https://github.com/rust-lang/crates.io-index"
checksum = "e53debba6bda7a793e5f99b8dacf19e626084f525f7829104ba9898f367d85ff"

[[package]]
name = "mio"
version = "0.8.11"
source = "registry+https://github.com/rust-lang/crates.io-index"
checksum = "a4a650543ca06a924e8b371db273b2756685faae30f8487da1b56505a8f78b0c"
dependencies = [
 "libc",
 "log",
 "wasi",
 "windows-sys 0.48.0",
]

[[package]]
name = "mlua"
version = "0.10.1"
source = "registry+https://github.com/rust-lang/crates.io-index"
checksum = "0ae9546e4a268c309804e8bbb7526e31cbfdedca7cd60ac1b987d0b212e0d876"
dependencies = [
 "bstr",
 "either",
 "erased-serde",
 "libloading",
 "mlua-sys",
 "num-traits",
 "parking_lot",
 "rustc-hash 2.0.0",
 "serde",
 "serde-value",
]

[[package]]
name = "mlua-sys"
version = "0.6.5"
source = "registry+https://github.com/rust-lang/crates.io-index"
checksum = "efa6bf1a64f06848749b7e7727417f4ec2121599e2a10ef0a8a3888b0e9a5a0d"
dependencies = [
 "cc",
 "cfg-if 1.0.0",
 "lua-src",
 "luajit-src",
 "luau0-src",
 "pkg-config",
]

[[package]]
name = "mopa"
version = "0.2.2"
source = "registry+https://github.com/rust-lang/crates.io-index"
checksum = "a785740271256c230f57462d3b83e52f998433a7062fc18f96d5999474a9f915"

[[package]]
name = "nalgebra"
version = "0.33.2"
source = "registry+https://github.com/rust-lang/crates.io-index"
checksum = "26aecdf64b707efd1310e3544d709c5c0ac61c13756046aaaba41be5c4f66a3b"
dependencies = [
 "approx",
 "matrixmultiply",
 "nalgebra-macros",
 "num-complex",
 "num-rational",
 "num-traits",
 "serde",
 "simba",
 "typenum",
]

[[package]]
name = "nalgebra-macros"
version = "0.2.2"
source = "registry+https://github.com/rust-lang/crates.io-index"
checksum = "254a5372af8fc138e36684761d3c0cdb758a4410e938babcff1c860ce14ddbfc"
dependencies = [
 "proc-macro2",
 "quote",
 "syn 2.0.85",
]

[[package]]
name = "nix"
version = "0.24.3"
source = "registry+https://github.com/rust-lang/crates.io-index"
checksum = "fa52e972a9a719cecb6864fb88568781eb706bac2cd1d4f04a648542dbf78069"
dependencies = [
 "bitflags 1.3.2",
 "cfg-if 1.0.0",
 "libc",
 "memoffset",
]

[[package]]
name = "nom"
version = "7.1.3"
source = "registry+https://github.com/rust-lang/crates.io-index"
checksum = "d273983c5a657a70a3e8f2a01329822f3b8c8172b73826411a55751e404a0a4a"
dependencies = [
 "memchr",
 "minimal-lexical",
]

[[package]]
name = "notify"
version = "6.1.1"
source = "registry+https://github.com/rust-lang/crates.io-index"
checksum = "6205bd8bb1e454ad2e27422015fb5e4f2bcc7e08fa8f27058670d208324a4d2d"
dependencies = [
 "bitflags 2.6.0",
 "crossbeam-channel",
 "filetime",
 "fsevent-sys",
 "inotify",
 "kqueue",
 "libc",
 "log",
 "mio",
 "walkdir",
 "windows-sys 0.48.0",
]

[[package]]
name = "num-bigint"
version = "0.4.6"
source = "registry+https://github.com/rust-lang/crates.io-index"
checksum = "a5e44f723f1133c9deac646763579fdb3ac745e418f2a7af9cd0c431da1f20b9"
dependencies = [
 "num-integer",
 "num-traits",
]

[[package]]
name = "num-complex"
version = "0.4.6"
source = "registry+https://github.com/rust-lang/crates.io-index"
checksum = "73f88a1307638156682bada9d7604135552957b7818057dcef22705b4d509495"
dependencies = [
 "num-traits",
 "serde",
]

[[package]]
name = "num-derive"
version = "0.4.2"
source = "registry+https://github.com/rust-lang/crates.io-index"
checksum = "ed3955f1a9c7c0c15e092f9c887db08b1fc683305fdf6eb6684f22555355e202"
dependencies = [
 "proc-macro2",
 "quote",
 "syn 2.0.85",
]

[[package]]
name = "num-integer"
version = "0.1.46"
source = "registry+https://github.com/rust-lang/crates.io-index"
checksum = "7969661fd2958a5cb096e56c8e1ad0444ac2bbcd0061bd28660485a44879858f"
dependencies = [
 "num-traits",
]

[[package]]
name = "num-rational"
version = "0.4.2"
source = "registry+https://github.com/rust-lang/crates.io-index"
checksum = "f83d14da390562dca69fc84082e73e548e1ad308d24accdedd2720017cb37824"
dependencies = [
 "num-bigint",
 "num-integer",
 "num-traits",
]

[[package]]
name = "num-traits"
version = "0.2.19"
source = "registry+https://github.com/rust-lang/crates.io-index"
checksum = "071dfc062690e90b734c0b2273ce72ad0ffa95f0c74596bc250dcfd960262841"
dependencies = [
 "autocfg",
 "libm",
]

[[package]]
name = "objc"
version = "0.2.7"
source = "registry+https://github.com/rust-lang/crates.io-index"
checksum = "915b1b472bc21c53464d6c8461c9d3af805ba1ef837e1cac254428f4a77177b1"
dependencies = [
 "malloc_buf",
]

[[package]]
name = "objc-foundation"
version = "0.1.1"
source = "registry+https://github.com/rust-lang/crates.io-index"
checksum = "1add1b659e36c9607c7aab864a76c7a4c2760cd0cd2e120f3fb8b952c7e22bf9"
dependencies = [
 "block",
 "objc",
 "objc_id",
]

[[package]]
name = "objc_id"
version = "0.1.1"
source = "registry+https://github.com/rust-lang/crates.io-index"
checksum = "c92d4ddb4bd7b50d730c215ff871754d0da6b2178849f8a2a2ab69712d0c073b"
dependencies = [
 "objc",
]

[[package]]
name = "once_cell"
version = "1.20.2"
source = "registry+https://github.com/rust-lang/crates.io-index"
checksum = "1261fe7e33c73b354eab43b1273a57c8f967d0391e80353e51f764ac02cf6775"

[[package]]
name = "ordered-float"
version = "2.10.1"
source = "registry+https://github.com/rust-lang/crates.io-index"
checksum = "68f19d67e5a2795c94e73e0bb1cc1a7edeb2e28efd39e2e1c9b7a40c1108b11c"
dependencies = [
 "num-traits",
]

[[package]]
name = "ordered-float"
version = "4.5.0"
source = "registry+https://github.com/rust-lang/crates.io-index"
checksum = "c65ee1f9701bf938026630b455d5315f490640234259037edb259798b3bcf85e"
dependencies = [
 "num-traits",
]

[[package]]
name = "parking_lot"
version = "0.12.3"
source = "registry+https://github.com/rust-lang/crates.io-index"
checksum = "f1bf18183cf54e8d6059647fc3063646a1801cf30896933ec2311622cc4b9a27"
dependencies = [
 "lock_api",
 "parking_lot_core",
]

[[package]]
name = "parking_lot_core"
version = "0.9.10"
source = "registry+https://github.com/rust-lang/crates.io-index"
checksum = "1e401f977ab385c9e4e3ab30627d6f26d00e2c73eef317493c4ec6d468726cf8"
dependencies = [
 "cfg-if 1.0.0",
 "libc",
 "redox_syscall",
 "smallvec",
 "windows-targets 0.52.6",
]

[[package]]
name = "parry2d"
version = "0.17.1"
source = "registry+https://github.com/rust-lang/crates.io-index"
checksum = "7c02fcab5e08cd7768c17e5d372877246c36882fde540598664ae20918d8c155"
dependencies = [
 "approx",
 "arrayvec 0.7.6",
 "bitflags 2.6.0",
 "downcast-rs",
 "either",
 "log",
 "nalgebra",
 "num-derive",
 "num-traits",
 "ordered-float 4.5.0",
 "rustc-hash 2.0.0",
 "serde",
 "simba",
 "slab",
 "smallvec",
 "spade",
 "thiserror",
]

[[package]]
name = "parry3d"
version = "0.17.1"
source = "registry+https://github.com/rust-lang/crates.io-index"
checksum = "b5ebb313092c7cd16da86f8a6a14ac823e36ff1d9b8f727d25bdebf3e4bc4d56"
dependencies = [
 "approx",
 "arrayvec 0.7.6",
 "bitflags 2.6.0",
 "downcast-rs",
 "either",
 "log",
 "nalgebra",
 "num-derive",
 "num-traits",
 "ordered-float 4.5.0",
 "rstar",
 "rustc-hash 2.0.0",
 "serde",
 "simba",
 "slab",
 "smallvec",
 "spade",
 "thiserror",
]

[[package]]
name = "paste"
version = "1.0.15"
source = "registry+https://github.com/rust-lang/crates.io-index"
checksum = "57c0d7b74b563b49d38dae00a0c37d4d6de9b432382b2892f0574ddcae73fd0a"

[[package]]
name = "pkg-config"
version = "0.3.31"
source = "registry+https://github.com/rust-lang/crates.io-index"
checksum = "953ec861398dccce10c670dfeaf3ec4911ca479e9c02154b3a215178c5f566f2"

[[package]]
name = "prettyplease"
version = "0.2.25"
source = "registry+https://github.com/rust-lang/crates.io-index"
checksum = "64d1ec885c64d0457d564db4ec299b2dae3f9c02808b8ad9c3a089c591b18033"
dependencies = [
 "proc-macro2",
 "syn 2.0.85",
]

[[package]]
name = "proc-macro2"
version = "1.0.89"
source = "registry+https://github.com/rust-lang/crates.io-index"
checksum = "f139b0662de085916d1fb67d2b4169d1addddda1919e696f3252b740b629986e"
dependencies = [
 "unicode-ident",
]

[[package]]
name = "quiver"
version = "0.1.0"
dependencies = [
 "copypasta",
 "imgui",
 "mlua",
 "notify",
 "parry2d",
 "parry3d",
 "rapier2d",
 "rapier3d",
 "raylib",
 "serde",
 "serde_json",
 "steamworks",
]

[[package]]
name = "quote"
version = "1.0.37"
source = "registry+https://github.com/rust-lang/crates.io-index"
checksum = "b5b9d34b8991d19d98081b46eacdd8eb58c6f2b201139f7c5f643cc155a633af"
dependencies = [
 "proc-macro2",
]

[[package]]
name = "rapier2d"
version = "0.22.0"
source = "registry+https://github.com/rust-lang/crates.io-index"
checksum = "643116992c25c96a07e1aae7d59fba207f01979dc9a107c42bcd4c4b83ef78b2"
dependencies = [
 "approx",
 "arrayvec 0.7.6",
 "bit-vec",
 "bitflags 2.6.0",
 "crossbeam",
 "downcast-rs",
 "log",
 "nalgebra",
 "num-derive",
 "num-traits",
 "ordered-float 4.5.0",
 "parry2d",
 "rayon",
 "rustc-hash 2.0.0",
 "serde",
 "simba",
 "thiserror",
 "vec_map",
]

[[package]]
name = "rapier3d"
version = "0.22.0"
source = "registry+https://github.com/rust-lang/crates.io-index"
checksum = "87360935d1a54802efe0ddf908489436bb49c84865c36c930131843c7b1dc97d"
dependencies = [
 "approx",
 "arrayvec 0.7.6",
 "bit-vec",
 "bitflags 2.6.0",
 "crossbeam",
 "downcast-rs",
 "log",
 "nalgebra",
 "num-derive",
 "num-traits",
 "ordered-float 4.5.0",
 "parry3d",
 "rayon",
 "rustc-hash 2.0.0",
 "serde",
 "simba",
 "thiserror",
 "vec_map",
]

[[package]]
name = "rawpointer"
version = "0.2.1"
source = "registry+https://github.com/rust-lang/crates.io-index"
checksum = "60a357793950651c4ed0f3f52338f53b2f809f32d83a07f72909fa13e4c6c1e3"

[[package]]
name = "raylib"
version = "5.0.2"
source = "registry+https://github.com/rust-lang/crates.io-index"
checksum = "e2a7a6734329d7b872a418fe4cb08ca282eb66a6f4a3430bd4ee4e6a8cac6632"
dependencies = [
 "cfg-if 1.0.0",
 "lazy_static",
 "libc",
 "parking_lot",
 "raylib-sys",
 "specs",
 "specs-derive",
]

[[package]]
name = "raylib-sys"
version = "5.0.2"
source = "registry+https://github.com/rust-lang/crates.io-index"
checksum = "db5c6001cfaeec17210713227d11f3b1ba4b723bb12cff47d1b93c4060e10ad0"
dependencies = [
 "bindgen",
 "cc",
 "cmake",
 "fs_extra",
]

[[package]]
name = "rayon"
version = "1.10.0"
source = "registry+https://github.com/rust-lang/crates.io-index"
checksum = "b418a60154510ca1a002a752ca9714984e21e4241e804d32555251faf8b78ffa"
dependencies = [
 "either",
 "rayon-core",
]

[[package]]
name = "rayon-core"
version = "1.12.1"
source = "registry+https://github.com/rust-lang/crates.io-index"
checksum = "1465873a3dfdaa8ae7cb14b4383657caab0b3e8a0aa9ae8e04b044854c8dfce2"
dependencies = [
 "crossbeam-deque",
 "crossbeam-utils 0.8.20",
]

[[package]]
name = "redox_syscall"
version = "0.5.7"
source = "registry+https://github.com/rust-lang/crates.io-index"
checksum = "9b6dfecf2c74bce2466cabf93f6664d6998a69eb21e39f4207930065b27b771f"
dependencies = [
 "bitflags 2.6.0",
]

[[package]]
name = "regex"
version = "1.11.1"
source = "registry+https://github.com/rust-lang/crates.io-index"
checksum = "b544ef1b4eac5dc2db33ea63606ae9ffcfac26c1416a2806ae0bf5f56b201191"
dependencies = [
 "aho-corasick",
 "memchr",
 "regex-automata",
 "regex-syntax",
]

[[package]]
name = "regex-automata"
version = "0.4.8"
source = "registry+https://github.com/rust-lang/crates.io-index"
checksum = "368758f23274712b504848e9d5a6f010445cc8b87a7cdb4d7cbee666c1288da3"
dependencies = [
 "aho-corasick",
 "memchr",
 "regex-syntax",
]

[[package]]
name = "regex-syntax"
version = "0.8.5"
source = "registry+https://github.com/rust-lang/crates.io-index"
checksum = "2b15c43186be67a4fd63bee50d0303afffcef381492ebe2c5d87f324e1b8815c"

[[package]]
name = "robust"
version = "1.1.0"
source = "registry+https://github.com/rust-lang/crates.io-index"
checksum = "cbf4a6aa5f6d6888f39e980649f3ad6b666acdce1d78e95b8a2cb076e687ae30"

[[package]]
name = "rstar"
version = "0.12.2"
source = "registry+https://github.com/rust-lang/crates.io-index"
checksum = "421400d13ccfd26dfa5858199c30a5d76f9c54e0dba7575273025b43c5175dbb"
dependencies = [
 "heapless",
 "num-traits",
 "smallvec",
]

[[package]]
name = "rustc-hash"
version = "1.1.0"
source = "registry+https://github.com/rust-lang/crates.io-index"
checksum = "08d43f7aa6b08d49f382cde6a7982047c3426db949b1424bc4b7ec9ae12c6ce2"

[[package]]
name = "rustc-hash"
version = "2.0.0"
source = "registry+https://github.com/rust-lang/crates.io-index"
checksum = "583034fd73374156e66797ed8e5b0d5690409c9226b22d87cb7f19821c05d152"

[[package]]
name = "rustix"
version = "0.38.38"
source = "registry+https://github.com/rust-lang/crates.io-index"
checksum = "aa260229e6538e52293eeb577aabd09945a09d6d9cc0fc550ed7529056c2e32a"
dependencies = [
 "bitflags 2.6.0",
 "errno",
 "libc",
 "linux-raw-sys",
 "windows-sys 0.52.0",
]

[[package]]
name = "ryu"
version = "1.0.18"
source = "registry+https://github.com/rust-lang/crates.io-index"
checksum = "f3cb5ba0dc43242ce17de99c180e96db90b235b8a9fdc9543c96d2209116bd9f"

[[package]]
name = "safe_arch"
version = "0.7.2"
source = "registry+https://github.com/rust-lang/crates.io-index"
checksum = "c3460605018fdc9612bce72735cba0d27efbcd9904780d44c7e3a9948f96148a"
dependencies = [
 "bytemuck",
]

[[package]]
name = "same-file"
version = "1.0.6"
source = "registry+https://github.com/rust-lang/crates.io-index"
checksum = "93fc1dc3aaa9bfed95e02e6eadabb4baf7e3078b0bd1b4d7b6b0b68378900502"
dependencies = [
 "winapi-util",
]

[[package]]
name = "scoped-tls"
version = "1.0.1"
source = "registry+https://github.com/rust-lang/crates.io-index"
checksum = "e1cf6437eb19a8f4a6cc0f7dca544973b0b78843adbfeb3683d1a94a0024a294"

[[package]]
name = "scopeguard"
version = "1.2.0"
source = "registry+https://github.com/rust-lang/crates.io-index"
checksum = "94143f37725109f92c262ed2cf5e59bce7498c01bcc1502d7b9afe439a4e9f49"

[[package]]
name = "serde"
version = "1.0.213"
source = "registry+https://github.com/rust-lang/crates.io-index"
checksum = "3ea7893ff5e2466df8d720bb615088341b295f849602c6956047f8f80f0e9bc1"
dependencies = [
 "serde_derive",
]

[[package]]
name = "serde-value"
version = "0.7.0"
source = "registry+https://github.com/rust-lang/crates.io-index"
checksum = "f3a1a3341211875ef120e117ea7fd5228530ae7e7036a779fdc9117be6b3282c"
dependencies = [
 "ordered-float 2.10.1",
 "serde",
]

[[package]]
name = "serde_derive"
version = "1.0.213"
source = "registry+https://github.com/rust-lang/crates.io-index"
checksum = "7e85ad2009c50b58e87caa8cd6dac16bdf511bbfb7af6c33df902396aa480fa5"
dependencies = [
 "proc-macro2",
 "quote",
 "syn 2.0.85",
]

[[package]]
name = "serde_json"
version = "1.0.132"
source = "registry+https://github.com/rust-lang/crates.io-index"
checksum = "d726bfaff4b320266d395898905d0eba0345aae23b54aee3a737e260fd46db03"
dependencies = [
 "itoa",
 "memchr",
 "ryu",
 "serde",
]

[[package]]
name = "shlex"
version = "1.3.0"
source = "registry+https://github.com/rust-lang/crates.io-index"
checksum = "0fda2ff0d084019ba4d7c6f371c95d8fd75ce3524c3cb8fb653a3023f6323e64"

[[package]]
name = "shred"
version = "0.10.2"
source = "registry+https://github.com/rust-lang/crates.io-index"
checksum = "c5f08237e667ac94ad20f8878b5943d91a93ccb231428446c57c21c57779016d"
dependencies = [
 "arrayvec 0.5.2",
 "hashbrown 0.7.2",
 "mopa",
 "smallvec",
 "tynm",
]

[[package]]
name = "shrev"
version = "1.1.3"
source = "registry+https://github.com/rust-lang/crates.io-index"
checksum = "a5ea33232fdcf1bf691ca33450e5a94dde13e1a8cbb8caabc5e4f9d761e10b1a"

[[package]]
name = "simba"
version = "0.9.0"
source = "registry+https://github.com/rust-lang/crates.io-index"
checksum = "b3a386a501cd104797982c15ae17aafe8b9261315b5d07e3ec803f2ea26be0fa"
dependencies = [
 "approx",
 "num-complex",
 "num-traits",
 "paste",
 "wide",
]

[[package]]
name = "slab"
version = "0.4.9"
source = "registry+https://github.com/rust-lang/crates.io-index"
checksum = "8f92a496fb766b417c996b9c5e57daf2f7ad3b0bebe1ccfca4856390e3d3bb67"
dependencies = [
 "autocfg",
]

[[package]]
name = "smallvec"
version = "1.13.2"
source = "registry+https://github.com/rust-lang/crates.io-index"
checksum = "3c5e1a9a646d36c3599cd173a41282daf47c44583ad367b8e6837255952e5c67"

[[package]]
name = "smithay-client-toolkit"
version = "0.16.1"
source = "registry+https://github.com/rust-lang/crates.io-index"
checksum = "870427e30b8f2cbe64bf43ec4b86e88fe39b0a84b3f15efd9c9c2d020bc86eb9"
dependencies = [
 "bitflags 1.3.2",
 "dlib",
 "lazy_static",
 "log",
 "memmap2",
 "nix",
 "pkg-config",
 "wayland-client",
 "wayland-cursor",
 "wayland-protocols",
]

[[package]]
name = "smithay-clipboard"
version = "0.6.6"
source = "registry+https://github.com/rust-lang/crates.io-index"
checksum = "0a345c870a1fae0b1b779085e81b51e614767c239e93503588e54c5b17f4b0e8"
dependencies = [
 "smithay-client-toolkit",
 "wayland-client",
]

[[package]]
name = "spade"
version = "2.12.1"
source = "registry+https://github.com/rust-lang/crates.io-index"
checksum = "93f5ef1f863aca7d1d7dda7ccfc36a0a4279bd6d3c375176e5e0712e25cb4889"
dependencies = [
 "hashbrown 0.14.5",
 "num-traits",
 "robust",
 "smallvec",
]

[[package]]
name = "specs"
version = "0.16.1"
source = "registry+https://github.com/rust-lang/crates.io-index"
checksum = "fff28a29366aff703d5da8a7e2c8875dc8453ac1118f842cbc0fa70c7db51240"
dependencies = [
 "crossbeam-queue 0.2.3",
 "hashbrown 0.7.2",
 "hibitset",
 "log",
 "shred",
 "shrev",
 "tuple_utils",
]

[[package]]
name = "specs-derive"
version = "0.4.1"
source = "registry+https://github.com/rust-lang/crates.io-index"
checksum = "3e23e09360f3d2190fec4222cd9e19d3158d5da948c0d1ea362df617dd103511"
dependencies = [
 "proc-macro2",
 "quote",
 "syn 1.0.109",
]

[[package]]
name = "stable_deref_trait"
version = "1.2.0"
source = "registry+https://github.com/rust-lang/crates.io-index"
checksum = "a8f112729512f8e442d81f95a8a7ddf2b7c6b8a1a6f509a95864142b30cab2d3"

[[package]]
name = "steamworks"
version = "0.11.0"
source = "registry+https://github.com/rust-lang/crates.io-index"
checksum = "a79d6f059322f73a4586cc2d0ca595ce1583104b2b1574ae1bb87f2c05bf4c67"
dependencies = [
 "bitflags 1.3.2",
 "lazy_static",
 "serde",
 "steamworks-sys",
 "thiserror",
]

[[package]]
name = "steamworks-sys"
version = "0.11.0"
source = "registry+https://github.com/rust-lang/crates.io-index"
checksum = "7ef6b00f8fe8eaaaff22cb9b70822a48c1a5d772bc682c202a57c0b438175845"

[[package]]
name = "syn"
version = "1.0.109"
source = "registry+https://github.com/rust-lang/crates.io-index"
checksum = "72b64191b275b66ffe2469e8af2c1cfe3bafa67b529ead792a6d0160888b4237"
dependencies = [
 "proc-macro2",
 "quote",
 "unicode-ident",
]

[[package]]
name = "syn"
version = "2.0.85"
source = "registry+https://github.com/rust-lang/crates.io-index"
checksum = "5023162dfcd14ef8f32034d8bcd4cc5ddc61ef7a247c024a33e24e1f24d21b56"
dependencies = [
 "proc-macro2",
 "quote",
 "unicode-ident",
]

[[package]]
name = "thiserror"
version = "1.0.65"
source = "registry+https://github.com/rust-lang/crates.io-index"
checksum = "5d11abd9594d9b38965ef50805c5e469ca9cc6f197f883f717e0269a3057b3d5"
dependencies = [
 "thiserror-impl",
]

[[package]]
name = "thiserror-impl"
version = "1.0.65"
source = "registry+https://github.com/rust-lang/crates.io-index"
checksum = "ae71770322cbd277e69d762a16c444af02aa0575ac0d174f0b9562d3b37f8602"
dependencies = [
 "proc-macro2",
 "quote",
 "syn 2.0.85",
]

[[package]]
name = "tuple_utils"
version = "0.3.0"
source = "registry+https://github.com/rust-lang/crates.io-index"
checksum = "44834418e2c5b16f47bedf35c28e148db099187dd5feee6367fb2525863af4f1"

[[package]]
name = "tynm"
version = "0.1.10"
source = "registry+https://github.com/rust-lang/crates.io-index"
checksum = "bd30d05e69d1478e13fe3e7a853409cfec82cebc2cf9b8d613b3c6b0081781ed"
dependencies = [
 "nom",
]

[[package]]
name = "typeid"
version = "1.0.2"
source = "registry+https://github.com/rust-lang/crates.io-index"
checksum = "0e13db2e0ccd5e14a544e8a246ba2312cd25223f616442d7f2cb0e3db614236e"

[[package]]
name = "typenum"
version = "1.17.0"
source = "registry+https://github.com/rust-lang/crates.io-index"
checksum = "42ff0bf0c66b8238c6f3b578df37d0b7848e55df8577b3f74f92a69acceeb825"

[[package]]
name = "unicode-ident"
version = "1.0.13"
source = "registry+https://github.com/rust-lang/crates.io-index"
checksum = "e91b56cd4cadaeb79bbf1a5645f6b4f8dc5bde8834ad5894a8db35fda9efa1fe"

[[package]]
name = "vec_map"
version = "0.8.2"
source = "registry+https://github.com/rust-lang/crates.io-index"
checksum = "f1bddf1187be692e79c5ffeab891132dfb0f236ed36a43c7ed39f1165ee20191"

[[package]]
name = "version_check"
version = "0.9.5"
source = "registry+https://github.com/rust-lang/crates.io-index"
checksum = "0b928f33d975fc6ad9f86c8f283853ad26bdd5b10b7f1542aa2fa15e2289105a"

[[package]]
name = "walkdir"
version = "2.5.0"
source = "registry+https://github.com/rust-lang/crates.io-index"
checksum = "29790946404f91d9c5d06f9874efddea1dc06c5efe94541a7d6863108e3a5e4b"
dependencies = [
 "same-file",
 "winapi-util",
]

[[package]]
name = "wasi"
version = "0.11.0+wasi-snapshot-preview1"
source = "registry+https://github.com/rust-lang/crates.io-index"
checksum = "9c8d87e72b64a3b4db28d11ce29237c246188f4f51057d65a7eab63b7987e423"

[[package]]
name = "wayland-client"
version = "0.29.5"
source = "registry+https://github.com/rust-lang/crates.io-index"
checksum = "3f3b068c05a039c9f755f881dc50f01732214f5685e379829759088967c46715"
dependencies = [
 "bitflags 1.3.2",
 "downcast-rs",
 "libc",
 "nix",
 "scoped-tls",
 "wayland-commons",
 "wayland-scanner",
 "wayland-sys",
]

[[package]]
name = "wayland-commons"
version = "0.29.5"
source = "registry+https://github.com/rust-lang/crates.io-index"
checksum = "8691f134d584a33a6606d9d717b95c4fa20065605f798a3f350d78dced02a902"
dependencies = [
 "nix",
 "once_cell",
 "smallvec",
 "wayland-sys",
]

[[package]]
name = "wayland-cursor"
version = "0.29.5"
source = "registry+https://github.com/rust-lang/crates.io-index"
checksum = "6865c6b66f13d6257bef1cd40cbfe8ef2f150fb8ebbdb1e8e873455931377661"
dependencies = [
 "nix",
 "wayland-client",
 "xcursor",
]

[[package]]
name = "wayland-protocols"
version = "0.29.5"
source = "registry+https://github.com/rust-lang/crates.io-index"
checksum = "b950621f9354b322ee817a23474e479b34be96c2e909c14f7bc0100e9a970bc6"
dependencies = [
 "bitflags 1.3.2",
 "wayland-client",
 "wayland-commons",
 "wayland-scanner",
]

[[package]]
name = "wayland-scanner"
version = "0.29.5"
source = "registry+https://github.com/rust-lang/crates.io-index"
checksum = "8f4303d8fa22ab852f789e75a967f0a2cdc430a607751c0499bada3e451cbd53"
dependencies = [
 "proc-macro2",
 "quote",
 "xml-rs",
]

[[package]]
name = "wayland-sys"
version = "0.29.5"
source = "registry+https://github.com/rust-lang/crates.io-index"
checksum = "be12ce1a3c39ec7dba25594b97b42cb3195d54953ddb9d3d95a7c3902bc6e9d4"
dependencies = [
 "dlib",
 "lazy_static",
 "pkg-config",
]

[[package]]
name = "which"
version = "4.4.2"
source = "registry+https://github.com/rust-lang/crates.io-index"
checksum = "87ba24419a2078cd2b0f2ede2691b6c66d8e47836da3b6db8265ebad47afbfc7"
dependencies = [
 "either",
 "home",
 "once_cell",
 "rustix",
]

[[package]]
name = "which"
version = "6.0.3"
source = "registry+https://github.com/rust-lang/crates.io-index"
checksum = "b4ee928febd44d98f2f459a4a79bd4d928591333a494a10a868418ac1b39cf1f"
dependencies = [
 "either",
 "home",
 "rustix",
 "winsafe",
]

[[package]]
name = "wide"
version = "0.7.28"
source = "registry+https://github.com/rust-lang/crates.io-index"
checksum = "b828f995bf1e9622031f8009f8481a85406ce1f4d4588ff746d872043e855690"
dependencies = [
 "bytemuck",
 "safe_arch",
]

[[package]]
name = "winapi"
version = "0.3.9"
source = "registry+https://github.com/rust-lang/crates.io-index"
checksum = "5c839a674fcd7a98952e593242ea400abe93992746761e38641405d28b00f419"
dependencies = [
 "winapi-i686-pc-windows-gnu",
 "winapi-x86_64-pc-windows-gnu",
]

[[package]]
name = "winapi-i686-pc-windows-gnu"
version = "0.4.0"
source = "registry+https://github.com/rust-lang/crates.io-index"
checksum = "ac3b87c63620426dd9b991e5ce0329eff545bccbbb34f3be09ff6fb6ab51b7b6"

[[package]]
name = "winapi-util"
version = "0.1.9"
source = "registry+https://github.com/rust-lang/crates.io-index"
checksum = "cf221c93e13a30d793f7645a0e7762c55d169dbb0a49671918a2319d289b10bb"
dependencies = [
 "windows-sys 0.59.0",
]

[[package]]
name = "winapi-wsapoll"
version = "0.1.2"
source = "registry+https://github.com/rust-lang/crates.io-index"
checksum = "1eafc5f679c576995526e81635d0cf9695841736712b4e892f87abbe6fed3f28"
dependencies = [
 "winapi",
]

[[package]]
name = "winapi-x86_64-pc-windows-gnu"
version = "0.4.0"
source = "registry+https://github.com/rust-lang/crates.io-index"
checksum = "712e227841d057c1ee1cd2fb22fa7e5a5461ae8e48fa2ca79ec42cfc1931183f"

[[package]]
name = "windows-sys"
version = "0.48.0"
source = "registry+https://github.com/rust-lang/crates.io-index"
checksum = "677d2418bec65e3338edb076e806bc1ec15693c5d0104683f2efe857f61056a9"
dependencies = [
 "windows-targets 0.48.5",
]

[[package]]
name = "windows-sys"
version = "0.52.0"
source = "registry+https://github.com/rust-lang/crates.io-index"
checksum = "282be5f36a8ce781fad8c8ae18fa3f9beff57ec1b52cb3de0789201425d9a33d"
dependencies = [
 "windows-targets 0.52.6",
]

[[package]]
name = "windows-sys"
version = "0.59.0"
source = "registry+https://github.com/rust-lang/crates.io-index"
checksum = "1e38bc4d79ed67fd075bcc251a1c39b32a1776bbe92e5bef1f0bf1f8c531853b"
dependencies = [
 "windows-targets 0.52.6",
]

[[package]]
name = "windows-targets"
version = "0.48.5"
source = "registry+https://github.com/rust-lang/crates.io-index"
checksum = "9a2fa6e2155d7247be68c096456083145c183cbbbc2764150dda45a87197940c"
dependencies = [
 "windows_aarch64_gnullvm 0.48.5",
 "windows_aarch64_msvc 0.48.5",
 "windows_i686_gnu 0.48.5",
 "windows_i686_msvc 0.48.5",
 "windows_x86_64_gnu 0.48.5",
 "windows_x86_64_gnullvm 0.48.5",
 "windows_x86_64_msvc 0.48.5",
]

[[package]]
name = "windows-targets"
version = "0.52.6"
source = "registry+https://github.com/rust-lang/crates.io-index"
checksum = "9b724f72796e036ab90c1021d4780d4d3d648aca59e491e6b98e725b84e99973"
dependencies = [
 "windows_aarch64_gnullvm 0.52.6",
 "windows_aarch64_msvc 0.52.6",
 "windows_i686_gnu 0.52.6",
 "windows_i686_gnullvm",
 "windows_i686_msvc 0.52.6",
 "windows_x86_64_gnu 0.52.6",
 "windows_x86_64_gnullvm 0.52.6",
 "windows_x86_64_msvc 0.52.6",
]

[[package]]
name = "windows_aarch64_gnullvm"
version = "0.48.5"
source = "registry+https://github.com/rust-lang/crates.io-index"
checksum = "2b38e32f0abccf9987a4e3079dfb67dcd799fb61361e53e2882c3cbaf0d905d8"

[[package]]
name = "windows_aarch64_gnullvm"
version = "0.52.6"
source = "registry+https://github.com/rust-lang/crates.io-index"
checksum = "32a4622180e7a0ec044bb555404c800bc9fd9ec262ec147edd5989ccd0c02cd3"

[[package]]
name = "windows_aarch64_msvc"
version = "0.48.5"
source = "registry+https://github.com/rust-lang/crates.io-index"
checksum = "dc35310971f3b2dbbf3f0690a219f40e2d9afcf64f9ab7cc1be722937c26b4bc"

[[package]]
name = "windows_aarch64_msvc"
version = "0.52.6"
source = "registry+https://github.com/rust-lang/crates.io-index"
checksum = "09ec2a7bb152e2252b53fa7803150007879548bc709c039df7627cabbd05d469"

[[package]]
name = "windows_i686_gnu"
version = "0.48.5"
source = "registry+https://github.com/rust-lang/crates.io-index"
checksum = "a75915e7def60c94dcef72200b9a8e58e5091744960da64ec734a6c6e9b3743e"

[[package]]
name = "windows_i686_gnu"
version = "0.52.6"
source = "registry+https://github.com/rust-lang/crates.io-index"
checksum = "8e9b5ad5ab802e97eb8e295ac6720e509ee4c243f69d781394014ebfe8bbfa0b"

[[package]]
name = "windows_i686_gnullvm"
version = "0.52.6"
source = "registry+https://github.com/rust-lang/crates.io-index"
checksum = "0eee52d38c090b3caa76c563b86c3a4bd71ef1a819287c19d586d7334ae8ed66"

[[package]]
name = "windows_i686_msvc"
version = "0.48.5"
source = "registry+https://github.com/rust-lang/crates.io-index"
checksum = "8f55c233f70c4b27f66c523580f78f1004e8b5a8b659e05a4eb49d4166cca406"

[[package]]
name = "windows_i686_msvc"
version = "0.52.6"
source = "registry+https://github.com/rust-lang/crates.io-index"
checksum = "240948bc05c5e7c6dabba28bf89d89ffce3e303022809e73deaefe4f6ec56c66"

[[package]]
name = "windows_x86_64_gnu"
version = "0.48.5"
source = "registry+https://github.com/rust-lang/crates.io-index"
checksum = "53d40abd2583d23e4718fddf1ebec84dbff8381c07cae67ff7768bbf19c6718e"

[[package]]
name = "windows_x86_64_gnu"
version = "0.52.6"
source = "registry+https://github.com/rust-lang/crates.io-index"
checksum = "147a5c80aabfbf0c7d901cb5895d1de30ef2907eb21fbbab29ca94c5b08b1a78"

[[package]]
name = "windows_x86_64_gnullvm"
version = "0.48.5"
source = "registry+https://github.com/rust-lang/crates.io-index"
checksum = "0b7b52767868a23d5bab768e390dc5f5c55825b6d30b86c844ff2dc7414044cc"

[[package]]
name = "windows_x86_64_gnullvm"
version = "0.52.6"
source = "registry+https://github.com/rust-lang/crates.io-index"
checksum = "24d5b23dc417412679681396f2b49f3de8c1473deb516bd34410872eff51ed0d"

[[package]]
name = "windows_x86_64_msvc"
version = "0.48.5"
source = "registry+https://github.com/rust-lang/crates.io-index"
checksum = "ed94fce61571a4006852b7389a063ab983c02eb1bb37b47f8272ce92d06d9538"

[[package]]
name = "windows_x86_64_msvc"
version = "0.52.6"
source = "registry+https://github.com/rust-lang/crates.io-index"
checksum = "589f6da84c646204747d1270a2a5661ea66ed1cced2631d546fdfb155959f9ec"

[[package]]
name = "winsafe"
version = "0.0.19"
source = "registry+https://github.com/rust-lang/crates.io-index"
checksum = "d135d17ab770252ad95e9a872d365cf3090e3be864a34ab46f48555993efc904"

[[package]]
name = "x11-clipboard"
version = "0.7.1"
source = "registry+https://github.com/rust-lang/crates.io-index"
checksum = "980b9aa9226c3b7de8e2adb11bf20124327c054e0e5812d2aac0b5b5a87e7464"
dependencies = [
 "x11rb",
]

[[package]]
name = "x11rb"
version = "0.10.1"
source = "registry+https://github.com/rust-lang/crates.io-index"
checksum = "592b4883219f345e712b3209c62654ebda0bb50887f330cbd018d0f654bfd507"
dependencies = [
 "gethostname",
 "nix",
 "winapi",
 "winapi-wsapoll",
 "x11rb-protocol",
]

[[package]]
name = "x11rb-protocol"
version = "0.10.0"
source = "registry+https://github.com/rust-lang/crates.io-index"
checksum = "56b245751c0ac9db0e006dc812031482784e434630205a93c73cfefcaabeac67"
dependencies = [
 "nix",
]

[[package]]
name = "xcursor"
version = "0.3.8"
source = "registry+https://github.com/rust-lang/crates.io-index"
checksum = "0ef33da6b1660b4ddbfb3aef0ade110c8b8a781a3b6382fa5f2b5b040fd55f61"

[[package]]
name = "xml-rs"
version = "0.8.22"
source = "registry+https://github.com/rust-lang/crates.io-index"
checksum = "af4e2e2f7cba5a093896c1e150fbfe177d1883e7448200efb81d40b9d339ef26"

[[package]]
name = "zerocopy"
version = "0.7.35"
source = "registry+https://github.com/rust-lang/crates.io-index"
checksum = "1b9b4fd18abc82b8136838da5d50bae7bdea537c574d8dc1a34ed098d6c166f0"
dependencies = [
 "zerocopy-derive",
]

[[package]]
name = "zerocopy-derive"
version = "0.7.35"
source = "registry+https://github.com/rust-lang/crates.io-index"
checksum = "fa4f8080344d4671fb4e831a13ad1e68092748387dfc4f55e356242fae12ce3e"
dependencies = [
 "proc-macro2",
 "quote",
 "syn 2.0.85",
]
